
Microsoft Visual Studio Solution File, Format Version 12.00
# Visual Studio 15
VisualStudioVersion = 15.0.26124.0
MinimumVisualStudioVersion = 15.0.26124.0
Project("{2150E333-8FDC-42A3-9474-1A3956D46DE8}") = "src", "src", "{8F26CBCC-B7BE-44ED-8087-F5E3E197DAF9}"
EndProject
Project("{9A19103F-16F7-4668-BE54-9A1E7A4F7556}") = "Calculator01", "src\Calculator01\Calculator01.csproj", "{39A4381A-B037-4593-A36C-8B9B07E54273}"
EndProject
Project("{9A19103F-16F7-4668-BE54-9A1E7A4F7556}") = "Calculator02", "src\Calculator02\Calculator02.csproj", "{29D47229-9C83-4B41-95C5-634561B28862}"
EndProject
Project("{9A19103F-16F7-4668-BE54-9A1E7A4F7556}") = "Calculator03", "src\Calculator03\Calculator03.csproj", "{5373120A-69BB-4A66-94EF-500831017CBD}"
EndProject
Project("{FAE04EC0-301F-11D3-BF4B-00C04F79EFBC}") = "Calculator04", "src\Calculator04\Calculator04.csproj", "{EC22E1D4-8F78-4A6D-95AF-F516DC0623A9}"
EndProject
Project("{FAE04EC0-301F-11D3-BF4B-00C04F79EFBC}") = "Calculator05", "src\Calculator05\Calculator05.csproj", "{8754793D-F5B9-4D8B-80ED-85E6FA3B0DBD}"
EndProject
Project("{FAE04EC0-301F-11D3-BF4B-00C04F79EFBC}") = "Calculator06", "src\Calculator06\Calculator06.csproj", "{F69580B5-B85F-43A2-90BD-027565574372}"
EndProject
Global
	GlobalSection(SolutionConfigurationPlatforms) = preSolution
		Debug|Any CPU = Debug|Any CPU
		Debug|x64 = Debug|x64
		Debug|x86 = Debug|x86
		Release|Any CPU = Release|Any CPU
		Release|x64 = Release|x64
		Release|x86 = Release|x86
	EndGlobalSection
	GlobalSection(ProjectConfigurationPlatforms) = postSolution
		{39A4381A-B037-4593-A36C-8B9B07E54273}.Debug|Any CPU.ActiveCfg = Debug|Any CPU
		{39A4381A-B037-4593-A36C-8B9B07E54273}.Debug|Any CPU.Build.0 = Debug|Any CPU
		{39A4381A-B037-4593-A36C-8B9B07E54273}.Debug|x64.ActiveCfg = Debug|Any CPU
		{39A4381A-B037-4593-A36C-8B9B07E54273}.Debug|x64.Build.0 = Debug|Any CPU
		{39A4381A-B037-4593-A36C-8B9B07E54273}.Debug|x86.ActiveCfg = Debug|Any CPU
		{39A4381A-B037-4593-A36C-8B9B07E54273}.Debug|x86.Build.0 = Debug|Any CPU
		{39A4381A-B037-4593-A36C-8B9B07E54273}.Release|Any CPU.ActiveCfg = Release|Any CPU
		{39A4381A-B037-4593-A36C-8B9B07E54273}.Release|Any CPU.Build.0 = Release|Any CPU
		{39A4381A-B037-4593-A36C-8B9B07E54273}.Release|x64.ActiveCfg = Release|Any CPU
		{39A4381A-B037-4593-A36C-8B9B07E54273}.Release|x64.Build.0 = Release|Any CPU
		{39A4381A-B037-4593-A36C-8B9B07E54273}.Release|x86.ActiveCfg = Release|Any CPU
		{39A4381A-B037-4593-A36C-8B9B07E54273}.Release|x86.Build.0 = Release|Any CPU
		{29D47229-9C83-4B41-95C5-634561B28862}.Debug|Any CPU.ActiveCfg = Debug|Any CPU
		{29D47229-9C83-4B41-95C5-634561B28862}.Debug|Any CPU.Build.0 = Debug|Any CPU
		{29D47229-9C83-4B41-95C5-634561B28862}.Debug|x64.ActiveCfg = Debug|Any CPU
		{29D47229-9C83-4B41-95C5-634561B28862}.Debug|x64.Build.0 = Debug|Any CPU
		{29D47229-9C83-4B41-95C5-634561B28862}.Debug|x86.ActiveCfg = Debug|Any CPU
		{29D47229-9C83-4B41-95C5-634561B28862}.Debug|x86.Build.0 = Debug|Any CPU
		{29D47229-9C83-4B41-95C5-634561B28862}.Release|Any CPU.ActiveCfg = Release|Any CPU
		{29D47229-9C83-4B41-95C5-634561B28862}.Release|Any CPU.Build.0 = Release|Any CPU
		{29D47229-9C83-4B41-95C5-634561B28862}.Release|x64.ActiveCfg = Release|Any CPU
		{29D47229-9C83-4B41-95C5-634561B28862}.Release|x64.Build.0 = Release|Any CPU
		{29D47229-9C83-4B41-95C5-634561B28862}.Release|x86.ActiveCfg = Release|Any CPU
		{29D47229-9C83-4B41-95C5-634561B28862}.Release|x86.Build.0 = Release|Any CPU
		{5373120A-69BB-4A66-94EF-500831017CBD}.Debug|Any CPU.ActiveCfg = Debug|Any CPU
		{5373120A-69BB-4A66-94EF-500831017CBD}.Debug|Any CPU.Build.0 = Debug|Any CPU
		{5373120A-69BB-4A66-94EF-500831017CBD}.Debug|x64.ActiveCfg = Debug|Any CPU
		{5373120A-69BB-4A66-94EF-500831017CBD}.Debug|x64.Build.0 = Debug|Any CPU
		{5373120A-69BB-4A66-94EF-500831017CBD}.Debug|x86.ActiveCfg = Debug|Any CPU
		{5373120A-69BB-4A66-94EF-500831017CBD}.Debug|x86.Build.0 = Debug|Any CPU
		{5373120A-69BB-4A66-94EF-500831017CBD}.Release|Any CPU.ActiveCfg = Release|Any CPU
		{5373120A-69BB-4A66-94EF-500831017CBD}.Release|Any CPU.Build.0 = Release|Any CPU
		{5373120A-69BB-4A66-94EF-500831017CBD}.Release|x64.ActiveCfg = Release|Any CPU
		{5373120A-69BB-4A66-94EF-500831017CBD}.Release|x64.Build.0 = Release|Any CPU
		{5373120A-69BB-4A66-94EF-500831017CBD}.Release|x86.ActiveCfg = Release|Any CPU
		{5373120A-69BB-4A66-94EF-500831017CBD}.Release|x86.Build.0 = Release|Any CPU
		{EC22E1D4-8F78-4A6D-95AF-F516DC0623A9}.Debug|Any CPU.ActiveCfg = Debug|Any CPU
		{EC22E1D4-8F78-4A6D-95AF-F516DC0623A9}.Debug|Any CPU.Build.0 = Debug|Any CPU
		{EC22E1D4-8F78-4A6D-95AF-F516DC0623A9}.Debug|x64.ActiveCfg = Debug|Any CPU
		{EC22E1D4-8F78-4A6D-95AF-F516DC0623A9}.Debug|x64.Build.0 = Debug|Any CPU
		{EC22E1D4-8F78-4A6D-95AF-F516DC0623A9}.Debug|x86.ActiveCfg = Debug|Any CPU
		{EC22E1D4-8F78-4A6D-95AF-F516DC0623A9}.Debug|x86.Build.0 = Debug|Any CPU
		{EC22E1D4-8F78-4A6D-95AF-F516DC0623A9}.Release|Any CPU.ActiveCfg = Release|Any CPU
		{EC22E1D4-8F78-4A6D-95AF-F516DC0623A9}.Release|Any CPU.Build.0 = Release|Any CPU
		{EC22E1D4-8F78-4A6D-95AF-F516DC0623A9}.Release|x64.ActiveCfg = Release|Any CPU
		{EC22E1D4-8F78-4A6D-95AF-F516DC0623A9}.Release|x64.Build.0 = Release|Any CPU
		{EC22E1D4-8F78-4A6D-95AF-F516DC0623A9}.Release|x86.ActiveCfg = Release|Any CPU
		{EC22E1D4-8F78-4A6D-95AF-F516DC0623A9}.Release|x86.Build.0 = Release|Any CPU
		{8754793D-F5B9-4D8B-80ED-85E6FA3B0DBD}.Debug|Any CPU.ActiveCfg = Debug|Any CPU
		{8754793D-F5B9-4D8B-80ED-85E6FA3B0DBD}.Debug|Any CPU.Build.0 = Debug|Any CPU
		{8754793D-F5B9-4D8B-80ED-85E6FA3B0DBD}.Debug|x64.ActiveCfg = Debug|Any CPU
		{8754793D-F5B9-4D8B-80ED-85E6FA3B0DBD}.Debug|x64.Build.0 = Debug|Any CPU
		{8754793D-F5B9-4D8B-80ED-85E6FA3B0DBD}.Debug|x86.ActiveCfg = Debug|Any CPU
		{8754793D-F5B9-4D8B-80ED-85E6FA3B0DBD}.Debug|x86.Build.0 = Debug|Any CPU
		{8754793D-F5B9-4D8B-80ED-85E6FA3B0DBD}.Release|Any CPU.ActiveCfg = Release|Any CPU
		{8754793D-F5B9-4D8B-80ED-85E6FA3B0DBD}.Release|Any CPU.Build.0 = Release|Any CPU
		{8754793D-F5B9-4D8B-80ED-85E6FA3B0DBD}.Release|x64.ActiveCfg = Release|Any CPU
		{8754793D-F5B9-4D8B-80ED-85E6FA3B0DBD}.Release|x64.Build.0 = Release|Any CPU
		{8754793D-F5B9-4D8B-80ED-85E6FA3B0DBD}.Release|x86.ActiveCfg = Release|Any CPU
		{8754793D-F5B9-4D8B-80ED-85E6FA3B0DBD}.Release|x86.Build.0 = Release|Any CPU
		{F69580B5-B85F-43A2-90BD-027565574372}.Debug|Any CPU.ActiveCfg = Debug|Any CPU
		{F69580B5-B85F-43A2-90BD-027565574372}.Debug|Any CPU.Build.0 = Debug|Any CPU
		{F69580B5-B85F-43A2-90BD-027565574372}.Debug|x64.ActiveCfg = Debug|Any CPU
		{F69580B5-B85F-43A2-90BD-027565574372}.Debug|x64.Build.0 = Debug|Any CPU
		{F69580B5-B85F-43A2-90BD-027565574372}.Debug|x86.ActiveCfg = Debug|Any CPU
		{F69580B5-B85F-43A2-90BD-027565574372}.Debug|x86.Build.0 = Debug|Any CPU
		{F69580B5-B85F-43A2-90BD-027565574372}.Release|Any CPU.ActiveCfg = Release|Any CPU
		{F69580B5-B85F-43A2-90BD-027565574372}.Release|Any CPU.Build.0 = Release|Any CPU
		{F69580B5-B85F-43A2-90BD-027565574372}.Release|x64.ActiveCfg = Release|Any CPU
		{F69580B5-B85F-43A2-90BD-027565574372}.Release|x64.Build.0 = Release|Any CPU
		{F69580B5-B85F-43A2-90BD-027565574372}.Release|x86.ActiveCfg = Release|Any CPU
		{F69580B5-B85F-43A2-90BD-027565574372}.Release|x86.Build.0 = Release|Any CPU
	EndGlobalSection
	GlobalSection(SolutionProperties) = preSolution
		HideSolutionNode = FALSE
	EndGlobalSection
	GlobalSection(NestedProjects) = preSolution
		{39A4381A-B037-4593-A36C-8B9B07E54273} = {8F26CBCC-B7BE-44ED-8087-F5E3E197DAF9}
		{29D47229-9C83-4B41-95C5-634561B28862} = {8F26CBCC-B7BE-44ED-8087-F5E3E197DAF9}
		{5373120A-69BB-4A66-94EF-500831017CBD} = {8F26CBCC-B7BE-44ED-8087-F5E3E197DAF9}
		{EC22E1D4-8F78-4A6D-95AF-F516DC0623A9} = {8F26CBCC-B7BE-44ED-8087-F5E3E197DAF9}
		{8754793D-F5B9-4D8B-80ED-85E6FA3B0DBD} = {8F26CBCC-B7BE-44ED-8087-F5E3E197DAF9}
		{F69580B5-B85F-43A2-90BD-027565574372} = {8F26CBCC-B7BE-44ED-8087-F5E3E197DAF9}
	EndGlobalSection
	GlobalSection(ExtensibilityGlobals) = postSolution
		SolutionGuid = {410FEC15-FC94-49B9-90EA-E6B7A3CD50B4}
	EndGlobalSection
EndGlobal
